{
  "version": 4,
  "terraform_version": "1.12.2",
  "serial": 2,
  "lineage": "5ec7f3c5-695a-83a1-df88-c71e4e5cee0c",
  "outputs": {
    "api_key": {
      "value": "hsgsnshsgsbshssvshbar",
      "type": "string",
      "sensitive": true
    },
    "application_name": {
      "value": "nicksblog",
      "type": "string"
    },
    "environment_name": {
      "value": "test",
      "type": "string"
    },
    "environment_prefix": {
      "value": "nicksblog-test-o9dqih",
      "type": "string"
    },
    "kind": {
      "value": "p",
      "type": "string"
    },
    "primary_region": {
      "value": "westus",
      "type": "string"
    },
    "primary_region_instance": {
      "value": "4",
      "type": "string"
    },
    "suffix": {
      "value": "o9dqih",
      "type": "string"
    }
  },
  "resources": [
    {
      "mode": "managed",
      "type": "random_string",
      "name": "suffix",
      "provider": "provider[\"registry.terraform.io/hashicorp/random\"]",
      "instances": [
        {
          "schema_version": 2,
          "attributes": {
            "id": "o9dqih",
            "keepers": null,
            "length": 6,
            "lower": true,
            "min_lower": 0,
            "min_numeric": 0,
            "min_special": 0,
            "min_upper": 0,
            "number": true,
            "numeric": true,
            "override_special": null,
            "result": "o9dqih",
            "special": false,
            "upper": false
          },
          "sensitive_attributes": [],
          "identity_schema_version": 0
        }
      ]
    }
  ],
  "check_results": [
    {
      "object_kind": "var",
      "config_addr": "var.application_name",
      "status": "pass",
      "objects": [
        {
          "object_addr": "var.application_name",
          "status": "pass"
        }
      ]
    }
  ]
}
